{
    "version": 3,
    "terraform_version": "0.11.8",
    "serial": 2,
    "lineage": "9bbb4b89-b7ab-dd36-f878-a22d43cfdef2",
    "modules": [
        {
            "path": [
                "root"
            ],
            "outputs": {
                "ecr_repository": {
                    "sensitive": false,
                    "type": "string",
                    "value": "546855753613.dkr.ecr.us-west-2.amazonaws.com/wordpress"
                },
                "elb_dns": {
                    "sensitive": false,
                    "type": "string",
                    "value": "wordpress-dev-1595249306.us-west-2.elb.amazonaws.com"
                },
                "lb_dns": {
                    "sensitive": false,
                    "type": "string",
                    "value": "wordpress-dev-1595249306.us-west-2.elb.amazonaws.com"
                }
            },
            "resources": {
                "aws_alb.main": {
                    "type": "aws_alb",
                    "depends_on": [
                        "aws_s3_bucket.lb_access_logs",
                        "aws_security_group.ec2_egress",
                        "aws_subnet.public_subnet_zoneA",
                        "aws_subnet.public_subnet_zoneB"
                    ],
                    "primary": {
                        "id": "arn:aws:elasticloadbalancing:us-west-2:546855753613:loadbalancer/app/wordpress-dev/731cfde5bebd9b7c",
                        "attributes": {
                            "access_logs.#": "1",
                            "access_logs.0.bucket": "wordpress-dev-lb-access-logs",
                            "access_logs.0.enabled": "true",
                            "access_logs.0.prefix": "",
                            "arn": "arn:aws:elasticloadbalancing:us-west-2:546855753613:loadbalancer/app/wordpress-dev/731cfde5bebd9b7c",
                            "arn_suffix": "app/wordpress-dev/731cfde5bebd9b7c",
                            "dns_name": "wordpress-dev-1595249306.us-west-2.elb.amazonaws.com",
                            "enable_deletion_protection": "false",
                            "enable_http2": "true",
                            "id": "arn:aws:elasticloadbalancing:us-west-2:546855753613:loadbalancer/app/wordpress-dev/731cfde5bebd9b7c",
                            "idle_timeout": "60",
                            "internal": "false",
                            "ip_address_type": "ipv4",
                            "load_balancer_type": "application",
                            "name": "wordpress-dev",
                            "security_groups.#": "1",
                            "security_groups.3686056182": "sg-0fdc9273ee73a0c34",
                            "subnet_mapping.#": "0",
                            "subnets.#": "2",
                            "subnets.1676949719": "subnet-0ca041d0b9bc3943a",
                            "subnets.208529124": "subnet-0ec7b3dd473f0ef35",
                            "tags.%": "5",
                            "tags.application": "wordpress",
                            "tags.contact-email": "j@j.ca",
                            "tags.customer": "myself",
                            "tags.environment": "dev",
                            "tags.team": "devops",
                            "vpc_id": "vpc-0c847ac8c944a9591",
                            "zone_id": "Z1H1FL5HABSF5"
                        },
                        "meta": {
                            "e2bfb730-ecaa-11e6-8f88-34363bc7c4c0": {
                                "create": 600000000000,
                                "delete": 600000000000,
                                "update": 600000000000
                            }
                        },
                        "tainted": false
                    },
                    "deposed": [],
                    "provider": "provider.aws"
                },
                "aws_alb_listener.http": {
                    "type": "aws_alb_listener",
                    "depends_on": [
                        "aws_alb.main",
                        "aws_alb_target_group.main"
                    ],
                    "primary": {
                        "id": "arn:aws:elasticloadbalancing:us-west-2:546855753613:listener/app/wordpress-dev/731cfde5bebd9b7c/f27c134026b1f951",
                        "attributes": {
                            "arn": "arn:aws:elasticloadbalancing:us-west-2:546855753613:listener/app/wordpress-dev/731cfde5bebd9b7c/f27c134026b1f951",
                            "default_action.#": "1",
                            "default_action.0.authenticate_cognito.#": "0",
                            "default_action.0.authenticate_oidc.#": "0",
                            "default_action.0.fixed_response.#": "0",
                            "default_action.0.order": "1",
                            "default_action.0.redirect.#": "0",
                            "default_action.0.target_group_arn": "arn:aws:elasticloadbalancing:us-west-2:546855753613:targetgroup/wordpress-dev/7de48c7119bba52f",
                            "default_action.0.type": "forward",
                            "id": "arn:aws:elasticloadbalancing:us-west-2:546855753613:listener/app/wordpress-dev/731cfde5bebd9b7c/f27c134026b1f951",
                            "load_balancer_arn": "arn:aws:elasticloadbalancing:us-west-2:546855753613:loadbalancer/app/wordpress-dev/731cfde5bebd9b7c",
                            "port": "80",
                            "protocol": "HTTP",
                            "ssl_policy": ""
                        },
                        "meta": {
                            "e2bfb730-ecaa-11e6-8f88-34363bc7c4c0": {
                                "read": 600000000000
                            }
                        },
                        "tainted": false
                    },
                    "deposed": [],
                    "provider": "provider.aws"
                },
                "aws_alb_target_group.main": {
                    "type": "aws_alb_target_group",
                    "depends_on": [
                        "aws_vpc.vpc_wordpress"
                    ],
                    "primary": {
                        "id": "arn:aws:elasticloadbalancing:us-west-2:546855753613:targetgroup/wordpress-dev/7de48c7119bba52f",
                        "attributes": {
                            "arn": "arn:aws:elasticloadbalancing:us-west-2:546855753613:targetgroup/wordpress-dev/7de48c7119bba52f",
                            "arn_suffix": "targetgroup/wordpress-dev/7de48c7119bba52f",
                            "deregistration_delay": "30",
                            "health_check.#": "1",
                            "health_check.0.healthy_threshold": "5",
                            "health_check.0.interval": "30",
                            "health_check.0.matcher": "200",
                            "health_check.0.path": "/wp-admin/install.php",
                            "health_check.0.port": "traffic-port",
                            "health_check.0.protocol": "HTTP",
                            "health_check.0.timeout": "10",
                            "health_check.0.unhealthy_threshold": "5",
                            "id": "arn:aws:elasticloadbalancing:us-west-2:546855753613:targetgroup/wordpress-dev/7de48c7119bba52f",
                            "name": "wordpress-dev",
                            "port": "80",
                            "protocol": "HTTP",
                            "proxy_protocol_v2": "false",
                            "slow_start": "0",
                            "stickiness.#": "1",
                            "stickiness.0.cookie_duration": "86400",
                            "stickiness.0.enabled": "false",
                            "stickiness.0.type": "lb_cookie",
                            "tags.%": "0",
                            "target_type": "ip",
                            "vpc_id": "vpc-0c847ac8c944a9591"
                        },
                        "meta": {},
                        "tainted": false
                    },
                    "deposed": [],
                    "provider": "provider.aws"
                },
                "aws_appautoscaling_policy.app_down": {
                    "type": "aws_appautoscaling_policy",
                    "depends_on": [
                        "aws_appautoscaling_target.app_scale_target"
                    ],
                    "primary": {
                        "id": "app-scale-down",
                        "attributes": {
                            "alarms.#": "0",
                            "arn": "arn:aws:autoscaling:us-west-2:546855753613:scalingPolicy:81901f48-12cb-4ad2-b743-85bd316e2331:resource/ecs/service/wordpress-cluster/wordpress-service:policyName/app-scale-down",
                            "id": "app-scale-down",
                            "name": "app-scale-down",
                            "policy_type": "StepScaling",
                            "resource_id": "service/wordpress-cluster/wordpress-service",
                            "scalable_dimension": "ecs:service:DesiredCount",
                            "service_namespace": "ecs",
                            "step_scaling_policy_configuration.#": "1",
                            "step_scaling_policy_configuration.0.adjustment_type": "ChangeInCapacity",
                            "step_scaling_policy_configuration.0.cooldown": "300",
                            "step_scaling_policy_configuration.0.metric_aggregation_type": "Average",
                            "step_scaling_policy_configuration.0.min_adjustment_magnitude": "0",
                            "step_scaling_policy_configuration.0.step_adjustment.#": "1",
                            "step_scaling_policy_configuration.0.step_adjustment.4191021090.metric_interval_lower_bound": "",
                            "step_scaling_policy_configuration.0.step_adjustment.4191021090.metric_interval_upper_bound": "0",
                            "step_scaling_policy_configuration.0.step_adjustment.4191021090.scaling_adjustment": "-1",
                            "target_tracking_scaling_policy_configuration.#": "0"
                        },
                        "meta": {},
                        "tainted": false
                    },
                    "deposed": [],
                    "provider": "provider.aws"
                },
                "aws_appautoscaling_policy.app_up": {
                    "type": "aws_appautoscaling_policy",
                    "depends_on": [
                        "aws_appautoscaling_target.app_scale_target"
                    ],
                    "primary": {
                        "id": "app-scale-up",
                        "attributes": {
                            "alarms.#": "0",
                            "arn": "arn:aws:autoscaling:us-west-2:546855753613:scalingPolicy:81901f48-12cb-4ad2-b743-85bd316e2331:resource/ecs/service/wordpress-cluster/wordpress-service:policyName/app-scale-up",
                            "id": "app-scale-up",
                            "name": "app-scale-up",
                            "policy_type": "StepScaling",
                            "resource_id": "service/wordpress-cluster/wordpress-service",
                            "scalable_dimension": "ecs:service:DesiredCount",
                            "service_namespace": "ecs",
                            "step_scaling_policy_configuration.#": "1",
                            "step_scaling_policy_configuration.0.adjustment_type": "ChangeInCapacity",
                            "step_scaling_policy_configuration.0.cooldown": "60",
                            "step_scaling_policy_configuration.0.metric_aggregation_type": "Average",
                            "step_scaling_policy_configuration.0.min_adjustment_magnitude": "0",
                            "step_scaling_policy_configuration.0.step_adjustment.#": "1",
                            "step_scaling_policy_configuration.0.step_adjustment.207530251.metric_interval_lower_bound": "0",
                            "step_scaling_policy_configuration.0.step_adjustment.207530251.metric_interval_upper_bound": "",
                            "step_scaling_policy_configuration.0.step_adjustment.207530251.scaling_adjustment": "1",
                            "target_tracking_scaling_policy_configuration.#": "0"
                        },
                        "meta": {},
                        "tainted": false
                    },
                    "deposed": [],
                    "provider": "provider.aws"
                },
                "aws_appautoscaling_scheduled_action.app_autoscale_time_down": {
                    "type": "aws_appautoscaling_scheduled_action",
                    "depends_on": [
                        "aws_appautoscaling_target.app_scale_target"
                    ],
                    "primary": {
                        "id": "app-autoscale-time-down-wordpress-dev-ecs-service/wordpress-cluster/wordpress-service",
                        "attributes": {
                            "arn": "arn:aws:autoscaling:us-west-2:546855753613:scheduledAction:81901f48-12cb-4ad2-b743-85bd316e2331:resource/ecs/service/wordpress-cluster/wordpress-service:scheduledActionName/app-autoscale-time-down-wordpress-dev",
                            "id": "app-autoscale-time-down-wordpress-dev-ecs-service/wordpress-cluster/wordpress-service",
                            "name": "app-autoscale-time-down-wordpress-dev",
                            "resource_id": "service/wordpress-cluster/wordpress-service",
                            "scalable_dimension": "ecs:service:DesiredCount",
                            "scalable_target_action.#": "1",
                            "scalable_target_action.0.max_capacity": "50",
                            "scalable_target_action.0.min_capacity": "3",
                            "schedule": "cron(59 23 */15 * ? *)",
                            "service_namespace": "ecs"
                        },
                        "meta": {},
                        "tainted": false
                    },
                    "deposed": [],
                    "provider": "provider.aws"
                },
                "aws_appautoscaling_scheduled_action.app_autoscale_time_up": {
                    "type": "aws_appautoscaling_scheduled_action",
                    "depends_on": [
                        "aws_appautoscaling_target.app_scale_target"
                    ],
                    "primary": {
                        "id": "app-autoscale-time-up-wordpress-dev-ecs-service/wordpress-cluster/wordpress-service",
                        "attributes": {
                            "arn": "arn:aws:autoscaling:us-west-2:546855753613:scheduledAction:81901f48-12cb-4ad2-b743-85bd316e2331:resource/ecs/service/wordpress-cluster/wordpress-service:scheduledActionName/app-autoscale-time-up-wordpress-dev",
                            "id": "app-autoscale-time-up-wordpress-dev-ecs-service/wordpress-cluster/wordpress-service",
                            "name": "app-autoscale-time-up-wordpress-dev",
                            "resource_id": "service/wordpress-cluster/wordpress-service",
                            "scalable_dimension": "ecs:service:DesiredCount",
                            "scalable_target_action.#": "1",
                            "scalable_target_action.0.max_capacity": "52",
                            "scalable_target_action.0.min_capacity": "5",
                            "schedule": "cron(1 0 */15 * ? *)",
                            "service_namespace": "ecs"
                        },
                        "meta": {},
                        "tainted": false
                    },
                    "deposed": [],
                    "provider": "provider.aws"
                },
                "aws_appautoscaling_target.app_scale_target": {
                    "type": "aws_appautoscaling_target",
                    "depends_on": [
                        "aws_ecs_cluster.ecs",
                        "aws_ecs_service.ecs"
                    ],
                    "primary": {
                        "id": "service/wordpress-cluster/wordpress-service",
                        "attributes": {
                            "id": "service/wordpress-cluster/wordpress-service",
                            "max_capacity": "50",
                            "min_capacity": "3",
                            "resource_id": "service/wordpress-cluster/wordpress-service",
                            "role_arn": "arn:aws:iam::546855753613:role/aws-service-role/ecs.application-autoscaling.amazonaws.com/AWSServiceRoleForApplicationAutoScaling_ECSService",
                            "scalable_dimension": "ecs:service:DesiredCount",
                            "service_namespace": "ecs"
                        },
                        "meta": {},
                        "tainted": false
                    },
                    "deposed": [],
                    "provider": "provider.aws"
                },
                "aws_cloudwatch_dashboard.cloudwatch_dashboard": {
                    "type": "aws_cloudwatch_dashboard",
                    "depends_on": [
                        "aws_alb.main",
                        "aws_alb_target_group.main"
                    ],
                    "primary": {
                        "id": "wordpress-fargate",
                        "attributes": {
                            "dashboard_arn": "arn:aws:cloudwatch::546855753613:dashboard/wordpress-fargate",
                            "dashboard_body": "{\"widgets\":[{\"type\":\"metric\",\"x\":12,\"y\":6,\"width\":12,\"height\":6,\"properties\":{\"view\":\"timeSeries\",\"stacked\":false,\"metrics\":[[\"AWS/ECS\",\"MemoryUtilization\",\"ServiceName\",\"wordpress\",\"ClusterName\",\"wordpress\",{\"color\":\"#1f77b4\"}],[\".\",\"CPUUtilization\",\".\",\".\",\".\",\".\",{\"color\":\"#9467bd\"}]],\"region\":\"us-west-1\",\"period\":300,\"title\":\"Memory and CPU utilization\",\"yAxis\":{\"left\":{\"min\":0,\"max\":100}}}},{\"type\":\"metric\",\"x\":0,\"y\":6,\"width\":12,\"height\":6,\"properties\":{\"view\":\"timeSeries\",\"stacked\":true,\"metrics\":[[\"AWS/ApplicationELB\",\"HTTPCode_Target_5XX_Count\",\"TargetGroup\",\"targetgroup/wordpress-dev/7de48c7119bba52f\",\"LoadBalancer\",\"app/wordpress-dev/731cfde5bebd9b7c\",{\"period\":60,\"color\":\"#d62728\",\"stat\":\"Sum\"}],[\".\",\"HTTPCode_Target_4XX_Count\",\".\",\".\",\".\",\".\",{\"period\":60,\"stat\":\"Sum\",\"color\":\"#bcbd22\"}],[\".\",\"HTTPCode_Target_3XX_Count\",\".\",\".\",\".\",\".\",{\"period\":60,\"stat\":\"Sum\",\"color\":\"#98df8a\"}],[\".\",\"HTTPCode_Target_2XX_Count\",\".\",\".\",\".\",\".\",{\"period\":60,\"stat\":\"Sum\",\"color\":\"#2ca02c\"}]],\"region\":\"us-west-1\",\"title\":\"Container responses\",\"period\":300,\"yAxis\":{\"left\":{\"min\":0}}}},{\"type\":\"metric\",\"x\":12,\"y\":0,\"width\":12,\"height\":6,\"properties\":{\"view\":\"timeSeries\",\"stacked\":false,\"metrics\":[[\"AWS/ApplicationELB\",\"TargetResponseTime\",\"LoadBalancer\",\"app/wordpress-dev/731cfde5bebd9b7c\",{\"period\":60,\"stat\":\"p50\"}],[\"...\",{\"period\":60,\"stat\":\"p90\",\"color\":\"#c5b0d5\"}],[\"...\",{\"period\":60,\"stat\":\"p99\",\"color\":\"#dbdb8d\"}]],\"region\":\"us-west-1\",\"period\":300,\"yAxis\":{\"left\":{\"min\":0,\"max\":3}},\"title\":\"Container response times\"}},{\"type\":\"metric\",\"x\":12,\"y\":12,\"width\":12,\"height\":2,\"properties\":{\"view\":\"singleValue\",\"metrics\":[[\"AWS/ApplicationELB\",\"HealthyHostCount\",\"TargetGroup\",\"targetgroup/wordpress-dev/7de48c7119bba52f\",\"LoadBalancer\",\"app/wordpress-dev/731cfde5bebd9b7c\",{\"color\":\"#2ca02c\",\"period\":60}],[\".\",\"UnHealthyHostCount\",\".\",\".\",\".\",\".\",{\"color\":\"#d62728\",\"period\":60}]],\"region\":\"us-west-1\",\"period\":300,\"stacked\":false}},{\"type\":\"metric\",\"x\":0,\"y\":0,\"width\":12,\"height\":6,\"properties\":{\"view\":\"timeSeries\",\"stacked\":true,\"metrics\":[[\"AWS/ApplicationELB\",\"HTTPCode_Target_5XX_Count\",\"LoadBalancer\",\"app/wordpress-dev/731cfde5bebd9b7c\",{\"period\":60,\"stat\":\"Sum\",\"color\":\"#d62728\"}],[\".\",\"HTTPCode_Target_4XX_Count\",\".\",\".\",{\"period\":60,\"stat\":\"Sum\",\"color\":\"#bcbd22\"}],[\".\",\"HTTPCode_Target_3XX_Count\",\".\",\".\",{\"period\":60,\"stat\":\"Sum\",\"color\":\"#98df8a\"}],[\".\",\"HTTPCode_Target_2XX_Count\",\".\",\".\",{\"period\":60,\"stat\":\"Sum\",\"color\":\"#2ca02c\"}]],\"region\":\"us-west-1\",\"title\":\"Load balancer responses\",\"period\":300,\"yAxis\":{\"left\":{\"min\":0}}}}]}\n",
                            "dashboard_name": "wordpress-fargate",
                            "id": "wordpress-fargate"
                        },
                        "meta": {},
                        "tainted": false
                    },
                    "deposed": [],
                    "provider": "provider.aws"
                },
                "aws_cloudwatch_dashboard.ecs-event-stream": {
                    "type": "aws_cloudwatch_dashboard",
                    "depends_on": [],
                    "primary": {
                        "id": "wordpress-ecs-event-stream",
                        "attributes": {
                            "dashboard_arn": "arn:aws:cloudwatch::546855753613:dashboard/wordpress-ecs-event-stream",
                            "dashboard_body": "{\n  \"widgets\": [\n    {\n      \"type\": \"log\",\n      \"x\": 0,\n      \"y\": 0,\n      \"width\": 24,\n      \"height\": 18,\n      \"properties\": {\n        \"query\": \"SOURCE '/aws/lambda/wordpress-ecs-event-stream' | fields @timestamp as time, detail.desiredStatus as desired, detail.lastStatus as latest, detail.stoppedReason as reason, detail.containers.0.reason as container_reason, detail.taskDefinitionArn as task_definition\\n| filter @type != \\\"START\\\" and @type != \\\"END\\\" and @type != \\\"REPORT\\\"\\n| sort detail.updatedAt desc, detail.version desc\\n| limit 100\",\n        \"region\": \"us-west-2\",\n        \"title\": \"ECS Event Log\"\n      }\n    }\n  ]\n}\n",
                            "dashboard_name": "wordpress-ecs-event-stream",
                            "id": "wordpress-ecs-event-stream"
                        },
                        "meta": {},
                        "tainted": false
                    },
                    "deposed": [],
                    "provider": "provider.aws"
                },
                "aws_cloudwatch_event_rule.ecs_event_stream": {
                    "type": "aws_cloudwatch_event_rule",
                    "depends_on": [
                        "aws_ecs_cluster.ecs"
                    ],
                    "primary": {
                        "id": "wordpress-ecs-event-stream",
                        "attributes": {
                            "arn": "arn:aws:events:us-west-2:546855753613:rule/wordpress-ecs-event-stream",
                            "description": "Passes ecs event logs for wordpress to a lambda that writes them to cw logs",
                            "event_pattern": "{\"detail\":{\"clusterArn\":[\"arn:aws:ecs:us-west-2:546855753613:cluster/wordpress-cluster\"]}}",
                            "id": "wordpress-ecs-event-stream",
                            "is_enabled": "true",
                            "name": "wordpress-ecs-event-stream",
                            "role_arn": "",
                            "schedule_expression": ""
                        },
                        "meta": {},
                        "tainted": false
                    },
                    "deposed": [],
                    "provider": "provider.aws"
                },
                "aws_cloudwatch_event_target.ecs_event_stream": {
                    "type": "aws_cloudwatch_event_target",
                    "depends_on": [
                        "aws_cloudwatch_event_rule.ecs_event_stream",
                        "aws_lambda_function.ecs_event_stream"
                    ],
                    "primary": {
                        "id": "wordpress-ecs-event-stream-terraform-20190304193251310800000005",
                        "attributes": {
                            "arn": "arn:aws:lambda:us-west-2:546855753613:function:wordpress-ecs-event-stream",
                            "id": "wordpress-ecs-event-stream-terraform-20190304193251310800000005",
                            "input": "",
                            "input_path": "",
                            "role_arn": "",
                            "rule": "wordpress-ecs-event-stream",
                            "target_id": "terraform-20190304193251310800000005"
                        },
                        "meta": {},
                        "tainted": false
                    },
                    "deposed": [],
                    "provider": "provider.aws"
                },
                "aws_cloudwatch_log_group.logs": {
                    "type": "aws_cloudwatch_log_group",
                    "depends_on": [],
                    "primary": {
                        "id": "/fargate/service/wordpress",
                        "attributes": {
                            "arn": "arn:aws:logs:us-west-2:546855753613:log-group:/fargate/service/wordpress:*",
                            "id": "/fargate/service/wordpress",
                            "kms_key_id": "",
                            "name": "/fargate/service/wordpress",
                            "retention_in_days": "14",
                            "tags.%": "5",
                            "tags.application": "wordpress",
                            "tags.contact-email": "j@j.ca",
                            "tags.customer": "myself",
                            "tags.environment": "dev",
                            "tags.team": "devops"
                        },
                        "meta": {},
                        "tainted": false
                    },
                    "deposed": [],
                    "provider": "provider.aws"
                },
                "aws_cloudwatch_metric_alarm.cpu_utilization_high": {
                    "type": "aws_cloudwatch_metric_alarm",
                    "depends_on": [
                        "aws_appautoscaling_policy.app_up",
                        "aws_ecs_cluster.ecs",
                        "aws_ecs_service.ecs"
                    ],
                    "primary": {
                        "id": "wordpress-dev-CPU-Utilization-High-80",
                        "attributes": {
                            "actions_enabled": "true",
                            "alarm_actions.#": "1",
                            "alarm_actions.1308832779": "arn:aws:autoscaling:us-west-2:546855753613:scalingPolicy:81901f48-12cb-4ad2-b743-85bd316e2331:resource/ecs/service/wordpress-cluster/wordpress-service:policyName/app-scale-up",
                            "alarm_description": "",
                            "alarm_name": "wordpress-dev-CPU-Utilization-High-80",
                            "arn": "arn:aws:cloudwatch:us-west-2:546855753613:alarm:wordpress-dev-CPU-Utilization-High-80",
                            "comparison_operator": "GreaterThanOrEqualToThreshold",
                            "datapoints_to_alarm": "0",
                            "dimensions.%": "2",
                            "dimensions.ClusterName": "wordpress-cluster",
                            "dimensions.ServiceName": "wordpress-service",
                            "evaluate_low_sample_count_percentiles": "",
                            "evaluation_periods": "1",
                            "extended_statistic": "",
                            "id": "wordpress-dev-CPU-Utilization-High-80",
                            "insufficient_data_actions.#": "0",
                            "metric_name": "CPUUtilization",
                            "namespace": "AWS/ECS",
                            "ok_actions.#": "0",
                            "period": "60",
                            "statistic": "Average",
                            "threshold": "80",
                            "treat_missing_data": "missing",
                            "unit": ""
                        },
                        "meta": {
                            "schema_version": "1"
                        },
                        "tainted": false
                    },
                    "deposed": [],
                    "provider": "provider.aws"
                },
                "aws_cloudwatch_metric_alarm.cpu_utilization_low": {
                    "type": "aws_cloudwatch_metric_alarm",
                    "depends_on": [
                        "aws_appautoscaling_policy.app_down",
                        "aws_ecs_cluster.ecs",
                        "aws_ecs_service.ecs"
                    ],
                    "primary": {
                        "id": "wordpress-dev-CPU-Utilization-Low-20",
                        "attributes": {
                            "actions_enabled": "true",
                            "alarm_actions.#": "1",
                            "alarm_actions.3056731739": "arn:aws:autoscaling:us-west-2:546855753613:scalingPolicy:81901f48-12cb-4ad2-b743-85bd316e2331:resource/ecs/service/wordpress-cluster/wordpress-service:policyName/app-scale-down",
                            "alarm_description": "",
                            "alarm_name": "wordpress-dev-CPU-Utilization-Low-20",
                            "arn": "arn:aws:cloudwatch:us-west-2:546855753613:alarm:wordpress-dev-CPU-Utilization-Low-20",
                            "comparison_operator": "LessThanThreshold",
                            "datapoints_to_alarm": "0",
                            "dimensions.%": "2",
                            "dimensions.ClusterName": "wordpress-cluster",
                            "dimensions.ServiceName": "wordpress-service",
                            "evaluate_low_sample_count_percentiles": "",
                            "evaluation_periods": "1",
                            "extended_statistic": "",
                            "id": "wordpress-dev-CPU-Utilization-Low-20",
                            "insufficient_data_actions.#": "0",
                            "metric_name": "CPUUtilization",
                            "namespace": "AWS/ECS",
                            "ok_actions.#": "0",
                            "period": "60",
                            "statistic": "Average",
                            "threshold": "20",
                            "treat_missing_data": "missing",
                            "unit": ""
                        },
                        "meta": {
                            "schema_version": "1"
                        },
                        "tainted": false
                    },
                    "deposed": [],
                    "provider": "provider.aws"
                },
                "aws_ecr_repository.ecr": {
                    "type": "aws_ecr_repository",
                    "depends_on": [],
                    "primary": {
                        "id": "wordpress",
                        "attributes": {
                            "arn": "arn:aws:ecr:us-west-2:546855753613:repository/wordpress",
                            "id": "wordpress",
                            "name": "wordpress",
                            "registry_id": "546855753613",
                            "repository_url": "546855753613.dkr.ecr.us-west-2.amazonaws.com/wordpress",
                            "tags.%": "0"
                        },
                        "meta": {
                            "e2bfb730-ecaa-11e6-8f88-34363bc7c4c0": {
                                "delete": 1200000000000
                            }
                        },
                        "tainted": false
                    },
                    "deposed": [],
                    "provider": "provider.aws"
                },
                "aws_ecs_cluster.ecs": {
                    "type": "aws_ecs_cluster",
                    "depends_on": [],
                    "primary": {
                        "id": "arn:aws:ecs:us-west-2:546855753613:cluster/wordpress-cluster",
                        "attributes": {
                            "arn": "arn:aws:ecs:us-west-2:546855753613:cluster/wordpress-cluster",
                            "id": "arn:aws:ecs:us-west-2:546855753613:cluster/wordpress-cluster",
                            "name": "wordpress-cluster",
                            "tags.%": "0"
                        },
                        "meta": {},
                        "tainted": false
                    },
                    "deposed": [],
                    "provider": "provider.aws"
                },
                "aws_ecs_service.ecs": {
                    "type": "aws_ecs_service",
                    "depends_on": [
                        "aws_alb_listener.http",
                        "aws_alb_target_group.main",
                        "aws_ecs_cluster.ecs",
                        "aws_ecs_task_definition.ecs",
                        "aws_security_group.ec2_egress",
                        "aws_security_group.ecs",
                        "aws_subnet.private_subnet_zoneA",
                        "aws_subnet.private_subnet_zoneB"
                    ],
                    "primary": {
                        "id": "arn:aws:ecs:us-west-2:546855753613:service/wordpress-service",
                        "attributes": {
                            "cluster": "arn:aws:ecs:us-west-2:546855753613:cluster/wordpress-cluster",
                            "deployment_controller.#": "1",
                            "deployment_controller.0.type": "ECS",
                            "deployment_maximum_percent": "200",
                            "deployment_minimum_healthy_percent": "100",
                            "desired_count": "2",
                            "enable_ecs_managed_tags": "false",
                            "health_check_grace_period_seconds": "0",
                            "iam_role": "aws-service-role",
                            "id": "arn:aws:ecs:us-west-2:546855753613:service/wordpress-service",
                            "launch_type": "FARGATE",
                            "load_balancer.#": "1",
                            "load_balancer.2347529266.container_name": "wordpress",
                            "load_balancer.2347529266.container_port": "80",
                            "load_balancer.2347529266.elb_name": "",
                            "load_balancer.2347529266.target_group_arn": "arn:aws:elasticloadbalancing:us-west-2:546855753613:targetgroup/wordpress-dev/7de48c7119bba52f",
                            "name": "wordpress-service",
                            "network_configuration.#": "1",
                            "network_configuration.0.assign_public_ip": "false",
                            "network_configuration.0.security_groups.#": "2",
                            "network_configuration.0.security_groups.2265631097": "sg-086f964a3a3acce42",
                            "network_configuration.0.security_groups.3686056182": "sg-0fdc9273ee73a0c34",
                            "network_configuration.0.subnets.#": "2",
                            "network_configuration.0.subnets.1011942331": "subnet-0a6a889e29b09361d",
                            "network_configuration.0.subnets.203147477": "subnet-0d3e2ab19ff4e1a6d",
                            "ordered_placement_strategy.#": "0",
                            "placement_constraints.#": "0",
                            "platform_version": "LATEST",
                            "propagate_tags": "NONE",
                            "scheduling_strategy": "REPLICA",
                            "service_registries.#": "0",
                            "tags.%": "0",
                            "task_definition": "arn:aws:ecs:us-west-2:546855753613:task-definition/wordpress:8"
                        },
                        "meta": {},
                        "tainted": false
                    },
                    "deposed": [],
                    "provider": "provider.aws"
                },
                "aws_ecs_task_definition.ecs": {
                    "type": "aws_ecs_task_definition",
                    "depends_on": [
                        "aws_iam_role.ecsTaskExecutionRole",
                        "data.template_file.wordpress_task"
                    ],
                    "primary": {
                        "id": "wordpress",
                        "attributes": {
                            "arn": "arn:aws:ecs:us-west-2:546855753613:task-definition/wordpress:8",
                            "container_definitions": "[{\"command\":[\"apache2-foreground\"],\"cpu\":0,\"environment\":[{\"name\":\"WORDPRESS_DB_USER\",\"value\":\"sadmin\"},{\"name\":\"WORDPRESS_DB_PASSWORD\",\"value\":\"password\"},{\"name\":\"WORDPRESS_DB_HOST\",\"value\":\"db.wordpress.ael\"},{\"name\":\"WORDPRESS_DB_NAME\",\"value\":\"wordpress\"}],\"essential\":true,\"image\":\"546855753613.dkr.ecr.us-west-2.amazonaws.com/wordpress:1.0\",\"logConfiguration\":{\"logDriver\":\"awslogs\",\"options\":{\"awslogs-group\":\"/fargate/service/wordpress\",\"awslogs-region\":\"us-west-2\",\"awslogs-stream-prefix\":\"ecs\"}},\"mountPoints\":[],\"name\":\"wordpress\",\"portMappings\":[{\"containerPort\":80,\"hostPort\":80,\"protocol\":\"tcp\"}],\"volumesFrom\":[]}]",
                            "cpu": "4096",
                            "execution_role_arn": "arn:aws:iam::546855753613:role/wordpress-ecs",
                            "family": "wordpress",
                            "id": "wordpress",
                            "memory": "16384",
                            "network_mode": "awsvpc",
                            "placement_constraints.#": "0",
                            "requires_compatibilities.#": "1",
                            "requires_compatibilities.3072437307": "FARGATE",
                            "revision": "8",
                            "tags.%": "0",
                            "task_role_arn": "",
                            "volume.#": "0"
                        },
                        "meta": {
                            "schema_version": "1"
                        },
                        "tainted": false
                    },
                    "deposed": [],
                    "provider": "provider.aws"
                },
                "aws_eip.natgw_ip_zoneA": {
                    "type": "aws_eip",
                    "depends_on": [],
                    "primary": {
                        "id": "eipalloc-00badf520e6230e1d",
                        "attributes": {
                            "association_id": "",
                            "domain": "vpc",
                            "id": "eipalloc-00badf520e6230e1d",
                            "instance": "",
                            "network_interface": "",
                            "private_ip": "",
                            "public_ip": "50.112.75.87",
                            "public_ipv4_pool": "amazon",
                            "tags.%": "0",
                            "vpc": "true"
                        },
                        "meta": {
                            "e2bfb730-ecaa-11e6-8f88-34363bc7c4c0": {
                                "delete": 180000000000,
                                "read": 900000000000,
                                "update": 300000000000
                            }
                        },
                        "tainted": false
                    },
                    "deposed": [],
                    "provider": "provider.aws"
                },
                "aws_eip.natgw_ip_zoneB": {
                    "type": "aws_eip",
                    "depends_on": [],
                    "primary": {
                        "id": "eipalloc-0db93314be741f87a",
                        "attributes": {
                            "association_id": "",
                            "domain": "vpc",
                            "id": "eipalloc-0db93314be741f87a",
                            "instance": "",
                            "network_interface": "",
                            "private_ip": "",
                            "public_ip": "54.186.208.14",
                            "public_ipv4_pool": "amazon",
                            "tags.%": "0",
                            "vpc": "true"
                        },
                        "meta": {
                            "e2bfb730-ecaa-11e6-8f88-34363bc7c4c0": {
                                "delete": 180000000000,
                                "read": 900000000000,
                                "update": 300000000000
                            }
                        },
                        "tainted": false
                    },
                    "deposed": [],
                    "provider": "provider.aws"
                },
                "aws_iam_instance_profile.ecs": {
                    "type": "aws_iam_instance_profile",
                    "depends_on": [
                        "aws_iam_role.ecs_role"
                    ],
                    "primary": {
                        "id": "ecs-instance-profile",
                        "attributes": {
                            "arn": "arn:aws:iam::546855753613:instance-profile/ecs-instance-profile",
                            "create_date": "2019-03-04T19:32:30Z",
                            "id": "ecs-instance-profile",
                            "name": "ecs-instance-profile",
                            "path": "/",
                            "roles.#": "1",
                            "roles.112154061": "ecs_role",
                            "unique_id": "AIPAIDNGYBV7N4JW5YSTG"
                        },
                        "meta": {},
                        "tainted": false
                    },
                    "deposed": [],
                    "provider": "provider.aws"
                },
                "aws_iam_role.ecsTaskExecutionRole": {
                    "type": "aws_iam_role",
                    "depends_on": [
                        "data.aws_iam_policy_document.assume_role_policy"
                    ],
                    "primary": {
                        "id": "wordpress-ecs",
                        "attributes": {
                            "arn": "arn:aws:iam::546855753613:role/wordpress-ecs",
                            "assume_role_policy": "{\"Version\":\"2012-10-17\",\"Statement\":[{\"Sid\":\"\",\"Effect\":\"Allow\",\"Principal\":{\"Service\":\"ecs-tasks.amazonaws.com\"},\"Action\":\"sts:AssumeRole\"}]}",
                            "create_date": "2019-03-04T19:32:30Z",
                            "description": "",
                            "force_detach_policies": "false",
                            "id": "wordpress-ecs",
                            "max_session_duration": "3600",
                            "name": "wordpress-ecs",
                            "path": "/",
                            "tags.%": "0",
                            "unique_id": "AROAICIWQF3LTLRCHRBYG"
                        },
                        "meta": {},
                        "tainted": false
                    },
                    "deposed": [],
                    "provider": "provider.aws"
                },
                "aws_iam_role.ecs_event_stream": {
                    "type": "aws_iam_role",
                    "depends_on": [
                        "aws_cloudwatch_event_rule.ecs_event_stream"
                    ],
                    "primary": {
                        "id": "wordpress-ecs-event-stream",
                        "attributes": {
                            "arn": "arn:aws:iam::546855753613:role/wordpress-ecs-event-stream",
                            "assume_role_policy": "{\"Version\":\"2012-10-17\",\"Statement\":[{\"Sid\":\"\",\"Effect\":\"Allow\",\"Principal\":{\"Service\":\"lambda.amazonaws.com\"},\"Action\":\"sts:AssumeRole\"}]}",
                            "create_date": "2019-03-04T19:32:32Z",
                            "description": "",
                            "force_detach_policies": "false",
                            "id": "wordpress-ecs-event-stream",
                            "max_session_duration": "3600",
                            "name": "wordpress-ecs-event-stream",
                            "path": "/",
                            "tags.%": "0",
                            "unique_id": "AROAJK4RVGUDEMMIIVJHI"
                        },
                        "meta": {},
                        "tainted": false
                    },
                    "deposed": [],
                    "provider": "provider.aws"
                },
                "aws_iam_role.ecs_role": {
                    "type": "aws_iam_role",
                    "depends_on": [],
                    "primary": {
                        "id": "ecs_role",
                        "attributes": {
                            "arn": "arn:aws:iam::546855753613:role/ecs_role",
                            "assume_role_policy": "{\"Version\":\"2008-10-17\",\"Statement\":[{\"Effect\":\"Allow\",\"Principal\":{\"Service\":\"ec2.amazonaws.com\"},\"Action\":\"sts:AssumeRole\"}]}",
                            "create_date": "2019-03-04T19:32:30Z",
                            "description": "",
                            "force_detach_policies": "false",
                            "id": "ecs_role",
                            "max_session_duration": "3600",
                            "name": "ecs_role",
                            "path": "/",
                            "tags.%": "0",
                            "unique_id": "AROAJSX7HIVXT3EV7V7AQ"
                        },
                        "meta": {},
                        "tainted": false
                    },
                    "deposed": [],
                    "provider": "provider.aws"
                },
                "aws_iam_role_policy_attachment.ecsTaskExecutionRole_policy": {
                    "type": "aws_iam_role_policy_attachment",
                    "depends_on": [
                        "aws_iam_role.ecsTaskExecutionRole"
                    ],
                    "primary": {
                        "id": "wordpress-ecs-20190304193230812900000002",
                        "attributes": {
                            "id": "wordpress-ecs-20190304193230812900000002",
                            "policy_arn": "arn:aws:iam::aws:policy/service-role/AmazonECSTaskExecutionRolePolicy",
                            "role": "wordpress-ecs"
                        },
                        "meta": {},
                        "tainted": false
                    },
                    "deposed": [],
                    "provider": "provider.aws"
                },
                "aws_iam_role_policy_attachment.ecs_event_stream": {
                    "type": "aws_iam_role_policy_attachment",
                    "depends_on": [
                        "aws_iam_role.ecs_event_stream"
                    ],
                    "primary": {
                        "id": "wordpress-ecs-event-stream-20190304193232535500000003",
                        "attributes": {
                            "id": "wordpress-ecs-event-stream-20190304193232535500000003",
                            "policy_arn": "arn:aws:iam::aws:policy/service-role/AWSLambdaBasicExecutionRole",
                            "role": "wordpress-ecs-event-stream"
                        },
                        "meta": {},
                        "tainted": false
                    },
                    "deposed": [],
                    "provider": "provider.aws"
                },
                "aws_iam_role_policy_attachment.ecs_instance_role_policy": {
                    "type": "aws_iam_role_policy_attachment",
                    "depends_on": [
                        "aws_iam_role.ecs_role"
                    ],
                    "primary": {
                        "id": "ecs_role-20190304193230483900000001",
                        "attributes": {
                            "id": "ecs_role-20190304193230483900000001",
                            "policy_arn": "arn:aws:iam::aws:policy/service-role/AmazonEC2ContainerServiceforEC2Role",
                            "role": "ecs_role"
                        },
                        "meta": {},
                        "tainted": false
                    },
                    "deposed": [],
                    "provider": "provider.aws"
                },
                "aws_internet_gateway.igw": {
                    "type": "aws_internet_gateway",
                    "depends_on": [
                        "aws_vpc.vpc_wordpress"
                    ],
                    "primary": {
                        "id": "igw-020ee20cd73102c61",
                        "attributes": {
                            "id": "igw-020ee20cd73102c61",
                            "owner_id": "546855753613",
                            "tags.%": "0",
                            "vpc_id": "vpc-0c847ac8c944a9591"
                        },
                        "meta": {},
                        "tainted": false
                    },
                    "deposed": [],
                    "provider": "provider.aws"
                },
                "aws_lambda_alias.ecs_event_stream": {
                    "type": "aws_lambda_alias",
                    "depends_on": [
                        "aws_lambda_function.ecs_event_stream"
                    ],
                    "primary": {
                        "id": "arn:aws:lambda:us-west-2:546855753613:function:wordpress-ecs-event-stream:wordpress-ecs-event-stream",
                        "attributes": {
                            "arn": "arn:aws:lambda:us-west-2:546855753613:function:wordpress-ecs-event-stream:wordpress-ecs-event-stream",
                            "description": "latest",
                            "function_name": "wordpress-ecs-event-stream",
                            "function_version": "$LATEST",
                            "id": "arn:aws:lambda:us-west-2:546855753613:function:wordpress-ecs-event-stream:wordpress-ecs-event-stream",
                            "invoke_arn": "arn:aws:apigateway:us-west-2:lambda:path/2015-03-31/functions/arn:aws:lambda:us-west-2:546855753613:function:wordpress-ecs-event-stream:wordpress-ecs-event-stream/invocations",
                            "name": "wordpress-ecs-event-stream",
                            "routing_config.#": "0"
                        },
                        "meta": {},
                        "tainted": false
                    },
                    "deposed": [],
                    "provider": "provider.aws"
                },
                "aws_lambda_function.ecs_event_stream": {
                    "type": "aws_lambda_function",
                    "depends_on": [
                        "aws_iam_role.ecs_event_stream",
                        "data.archive_file.lambda_zip"
                    ],
                    "primary": {
                        "id": "wordpress-ecs-event-stream",
                        "attributes": {
                            "arn": "arn:aws:lambda:us-west-2:546855753613:function:wordpress-ecs-event-stream",
                            "dead_letter_config.#": "0",
                            "description": "",
                            "environment.#": "0",
                            "filename": "lambda-wordpress.zip",
                            "function_name": "wordpress-ecs-event-stream",
                            "handler": "index.handler",
                            "id": "wordpress-ecs-event-stream",
                            "invoke_arn": "arn:aws:apigateway:us-west-2:lambda:path/2015-03-31/functions/arn:aws:lambda:us-west-2:546855753613:function:wordpress-ecs-event-stream/invocations",
                            "kms_key_arn": "",
                            "last_modified": "2019-03-04T19:32:50.654+0000",
                            "layers.#": "0",
                            "memory_size": "128",
                            "publish": "false",
                            "qualified_arn": "arn:aws:lambda:us-west-2:546855753613:function:wordpress-ecs-event-stream:$LATEST",
                            "reserved_concurrent_executions": "-1",
                            "role": "arn:aws:iam::546855753613:role/wordpress-ecs-event-stream",
                            "runtime": "nodejs8.10",
                            "source_code_hash": "+mHdOX3i/0vXJVbRt9I11ReaG6nZCs5Ppni00RNDPLg=",
                            "source_code_size": "218",
                            "tags.%": "5",
                            "tags.application": "wordpress",
                            "tags.contact-email": "j@j.ca",
                            "tags.customer": "myself",
                            "tags.environment": "dev",
                            "tags.team": "devops",
                            "timeout": "3",
                            "tracing_config.#": "1",
                            "tracing_config.0.mode": "PassThrough",
                            "version": "$LATEST",
                            "vpc_config.#": "0"
                        },
                        "meta": {
                            "e2bfb730-ecaa-11e6-8f88-34363bc7c4c0": {
                                "create": 600000000000
                            }
                        },
                        "tainted": false
                    },
                    "deposed": [],
                    "provider": "provider.aws"
                },
                "aws_lambda_permission.ecs_event_stream": {
                    "type": "aws_lambda_permission",
                    "depends_on": [
                        "aws_cloudwatch_event_rule.ecs_event_stream",
                        "aws_lambda_function.ecs_event_stream"
                    ],
                    "primary": {
                        "id": "AllowExecutionFromCloudWatch",
                        "attributes": {
                            "action": "lambda:InvokeFunction",
                            "function_name": "arn:aws:lambda:us-west-2:546855753613:function:wordpress-ecs-event-stream",
                            "id": "AllowExecutionFromCloudWatch",
                            "principal": "events.amazonaws.com",
                            "qualifier": "",
                            "source_arn": "arn:aws:events:us-west-2:546855753613:rule/wordpress-ecs-event-stream",
                            "statement_id": "AllowExecutionFromCloudWatch"
                        },
                        "meta": {},
                        "tainted": false
                    },
                    "deposed": [],
                    "provider": "provider.aws"
                },
                "aws_nat_gateway.natgw_zoneA": {
                    "type": "aws_nat_gateway",
                    "depends_on": [
                        "aws_eip.natgw_ip_zoneA",
                        "aws_subnet.public_subnet_zoneA"
                    ],
                    "primary": {
                        "id": "nat-0c4e1cd15053a62c2",
                        "attributes": {
                            "allocation_id": "eipalloc-00badf520e6230e1d",
                            "id": "nat-0c4e1cd15053a62c2",
                            "network_interface_id": "eni-060afea8c7053156c",
                            "private_ip": "10.0.0.253",
                            "public_ip": "50.112.75.87",
                            "subnet_id": "subnet-0ca041d0b9bc3943a",
                            "tags.%": "0"
                        },
                        "meta": {},
                        "tainted": false
                    },
                    "deposed": [],
                    "provider": "provider.aws"
                },
                "aws_nat_gateway.natgw_zoneB": {
                    "type": "aws_nat_gateway",
                    "depends_on": [
                        "aws_eip.natgw_ip_zoneB",
                        "aws_subnet.public_subnet_zoneB"
                    ],
                    "primary": {
                        "id": "nat-0f890662dd78dcfbc",
                        "attributes": {
                            "allocation_id": "eipalloc-0db93314be741f87a",
                            "id": "nat-0f890662dd78dcfbc",
                            "network_interface_id": "eni-0e7a5f4ececca1afa",
                            "private_ip": "10.0.1.149",
                            "public_ip": "54.186.208.14",
                            "subnet_id": "subnet-0ec7b3dd473f0ef35",
                            "tags.%": "0"
                        },
                        "meta": {},
                        "tainted": false
                    },
                    "deposed": [],
                    "provider": "provider.aws"
                },
                "aws_route53_zone.wordpress_ael": {
                    "type": "aws_route53_zone",
                    "depends_on": [
                        "aws_vpc.vpc_wordpress"
                    ],
                    "primary": {
                        "id": "Z1S1ENV27WIXGA",
                        "attributes": {
                            "comment": "Managed by Terraform",
                            "delegation_set_id": "",
                            "force_destroy": "false",
                            "id": "Z1S1ENV27WIXGA",
                            "name": "wordpress.ael.",
                            "name_servers.#": "4",
                            "name_servers.0": "ns-0.awsdns-00.com.",
                            "name_servers.1": "ns-1024.awsdns-00.org.",
                            "name_servers.2": "ns-1536.awsdns-00.co.uk.",
                            "name_servers.3": "ns-512.awsdns-00.net.",
                            "tags.%": "0",
                            "vpc.#": "1",
                            "vpc.719167697.vpc_id": "vpc-0c847ac8c944a9591",
                            "vpc.719167697.vpc_region": "us-west-2",
                            "zone_id": "Z1S1ENV27WIXGA"
                        },
                        "meta": {},
                        "tainted": false
                    },
                    "deposed": [],
                    "provider": "provider.aws"
                },
                "aws_route_table.private_zoneA": {
                    "type": "aws_route_table",
                    "depends_on": [
                        "aws_nat_gateway.natgw_zoneA",
                        "aws_vpc.vpc_wordpress"
                    ],
                    "primary": {
                        "id": "rtb-03c95cdc43cea190d",
                        "attributes": {
                            "id": "rtb-03c95cdc43cea190d",
                            "owner_id": "546855753613",
                            "propagating_vgws.#": "0",
                            "route.#": "1",
                            "route.1439965272.cidr_block": "0.0.0.0/0",
                            "route.1439965272.egress_only_gateway_id": "",
                            "route.1439965272.gateway_id": "",
                            "route.1439965272.instance_id": "",
                            "route.1439965272.ipv6_cidr_block": "",
                            "route.1439965272.nat_gateway_id": "nat-0c4e1cd15053a62c2",
                            "route.1439965272.network_interface_id": "",
                            "route.1439965272.transit_gateway_id": "",
                            "route.1439965272.vpc_peering_connection_id": "",
                            "tags.%": "0",
                            "vpc_id": "vpc-0c847ac8c944a9591"
                        },
                        "meta": {},
                        "tainted": false
                    },
                    "deposed": [],
                    "provider": "provider.aws"
                },
                "aws_route_table.private_zoneB": {
                    "type": "aws_route_table",
                    "depends_on": [
                        "aws_nat_gateway.natgw_zoneB",
                        "aws_vpc.vpc_wordpress"
                    ],
                    "primary": {
                        "id": "rtb-0fce4d16ca9b319dd",
                        "attributes": {
                            "id": "rtb-0fce4d16ca9b319dd",
                            "owner_id": "546855753613",
                            "propagating_vgws.#": "0",
                            "route.#": "1",
                            "route.2089915965.cidr_block": "0.0.0.0/0",
                            "route.2089915965.egress_only_gateway_id": "",
                            "route.2089915965.gateway_id": "",
                            "route.2089915965.instance_id": "",
                            "route.2089915965.ipv6_cidr_block": "",
                            "route.2089915965.nat_gateway_id": "nat-0f890662dd78dcfbc",
                            "route.2089915965.network_interface_id": "",
                            "route.2089915965.transit_gateway_id": "",
                            "route.2089915965.vpc_peering_connection_id": "",
                            "tags.%": "0",
                            "vpc_id": "vpc-0c847ac8c944a9591"
                        },
                        "meta": {},
                        "tainted": false
                    },
                    "deposed": [],
                    "provider": "provider.aws"
                },
                "aws_route_table.public": {
                    "type": "aws_route_table",
                    "depends_on": [
                        "aws_internet_gateway.igw",
                        "aws_vpc.vpc_wordpress"
                    ],
                    "primary": {
                        "id": "rtb-0a899cc15eb2980fd",
                        "attributes": {
                            "id": "rtb-0a899cc15eb2980fd",
                            "owner_id": "546855753613",
                            "propagating_vgws.#": "0",
                            "route.#": "1",
                            "route.3891508577.cidr_block": "0.0.0.0/0",
                            "route.3891508577.egress_only_gateway_id": "",
                            "route.3891508577.gateway_id": "igw-020ee20cd73102c61",
                            "route.3891508577.instance_id": "",
                            "route.3891508577.ipv6_cidr_block": "",
                            "route.3891508577.nat_gateway_id": "",
                            "route.3891508577.network_interface_id": "",
                            "route.3891508577.transit_gateway_id": "",
                            "route.3891508577.vpc_peering_connection_id": "",
                            "tags.%": "0",
                            "vpc_id": "vpc-0c847ac8c944a9591"
                        },
                        "meta": {},
                        "tainted": false
                    },
                    "deposed": [],
                    "provider": "provider.aws"
                },
                "aws_route_table_association.private_zoneA": {
                    "type": "aws_route_table_association",
                    "depends_on": [
                        "aws_route_table.private_zoneA",
                        "aws_subnet.private_subnet_zoneA"
                    ],
                    "primary": {
                        "id": "rtbassoc-054a41324d8b57b7f",
                        "attributes": {
                            "id": "rtbassoc-054a41324d8b57b7f",
                            "route_table_id": "rtb-03c95cdc43cea190d",
                            "subnet_id": "subnet-0d3e2ab19ff4e1a6d"
                        },
                        "meta": {},
                        "tainted": false
                    },
                    "deposed": [],
                    "provider": "provider.aws"
                },
                "aws_route_table_association.private_zoneB": {
                    "type": "aws_route_table_association",
                    "depends_on": [
                        "aws_route_table.private_zoneB",
                        "aws_subnet.private_subnet_zoneB"
                    ],
                    "primary": {
                        "id": "rtbassoc-0f8a8acb11235d054",
                        "attributes": {
                            "id": "rtbassoc-0f8a8acb11235d054",
                            "route_table_id": "rtb-0fce4d16ca9b319dd",
                            "subnet_id": "subnet-0a6a889e29b09361d"
                        },
                        "meta": {},
                        "tainted": false
                    },
                    "deposed": [],
                    "provider": "provider.aws"
                },
                "aws_route_table_association.public_zoneA": {
                    "type": "aws_route_table_association",
                    "depends_on": [
                        "aws_route_table.public",
                        "aws_subnet.public_subnet_zoneA"
                    ],
                    "primary": {
                        "id": "rtbassoc-090ab4ae5e80317aa",
                        "attributes": {
                            "id": "rtbassoc-090ab4ae5e80317aa",
                            "route_table_id": "rtb-0a899cc15eb2980fd",
                            "subnet_id": "subnet-0ca041d0b9bc3943a"
                        },
                        "meta": {},
                        "tainted": false
                    },
                    "deposed": [],
                    "provider": "provider.aws"
                },
                "aws_route_table_association.public_zoneB": {
                    "type": "aws_route_table_association",
                    "depends_on": [
                        "aws_route_table.public",
                        "aws_subnet.public_subnet_zoneB"
                    ],
                    "primary": {
                        "id": "rtbassoc-05121f4276b699959",
                        "attributes": {
                            "id": "rtbassoc-05121f4276b699959",
                            "route_table_id": "rtb-0a899cc15eb2980fd",
                            "subnet_id": "subnet-0ec7b3dd473f0ef35"
                        },
                        "meta": {},
                        "tainted": false
                    },
                    "deposed": [],
                    "provider": "provider.aws"
                },
                "aws_s3_bucket.lb_access_logs": {
                    "type": "aws_s3_bucket",
                    "depends_on": [],
                    "primary": {
                        "id": "wordpress-dev-lb-access-logs",
                        "attributes": {
                            "acceleration_status": "",
                            "acl": "private",
                            "arn": "arn:aws:s3:::wordpress-dev-lb-access-logs",
                            "bucket": "wordpress-dev-lb-access-logs",
                            "bucket_domain_name": "wordpress-dev-lb-access-logs.s3.amazonaws.com",
                            "bucket_regional_domain_name": "wordpress-dev-lb-access-logs.s3.us-west-2.amazonaws.com",
                            "cors_rule.#": "0",
                            "force_destroy": "true",
                            "hosted_zone_id": "Z3BJ6K6RIION7M",
                            "id": "wordpress-dev-lb-access-logs",
                            "lifecycle_rule.#": "1",
                            "lifecycle_rule.0.abort_incomplete_multipart_upload_days": "1",
                            "lifecycle_rule.0.enabled": "true",
                            "lifecycle_rule.0.expiration.#": "1",
                            "lifecycle_rule.0.expiration.812814855.date": "",
                            "lifecycle_rule.0.expiration.812814855.days": "3",
                            "lifecycle_rule.0.expiration.812814855.expired_object_delete_marker": "false",
                            "lifecycle_rule.0.id": "cleanup",
                            "lifecycle_rule.0.noncurrent_version_expiration.#": "0",
                            "lifecycle_rule.0.noncurrent_version_transition.#": "0",
                            "lifecycle_rule.0.prefix": "/",
                            "lifecycle_rule.0.tags.%": "0",
                            "lifecycle_rule.0.transition.#": "0",
                            "logging.#": "0",
                            "object_lock_configuration.#": "0",
                            "region": "us-west-2",
                            "replication_configuration.#": "0",
                            "request_payer": "BucketOwner",
                            "server_side_encryption_configuration.#": "1",
                            "server_side_encryption_configuration.0.rule.#": "1",
                            "server_side_encryption_configuration.0.rule.0.apply_server_side_encryption_by_default.#": "1",
                            "server_side_encryption_configuration.0.rule.0.apply_server_side_encryption_by_default.0.kms_master_key_id": "",
                            "server_side_encryption_configuration.0.rule.0.apply_server_side_encryption_by_default.0.sse_algorithm": "AES256",
                            "tags.%": "5",
                            "tags.application": "wordpress",
                            "tags.contact-email": "j@j.ca",
                            "tags.customer": "myself",
                            "tags.environment": "dev",
                            "tags.team": "devops",
                            "versioning.#": "1",
                            "versioning.0.enabled": "false",
                            "versioning.0.mfa_delete": "false",
                            "website.#": "0"
                        },
                        "meta": {},
                        "tainted": false
                    },
                    "deposed": [],
                    "provider": "provider.aws"
                },
                "aws_s3_bucket_policy.lb_access_logs": {
                    "type": "aws_s3_bucket_policy",
                    "depends_on": [
                        "aws_s3_bucket.lb_access_logs",
                        "data.aws_elb_service_account.main"
                    ],
                    "primary": {
                        "id": "wordpress-dev-lb-access-logs",
                        "attributes": {
                            "bucket": "wordpress-dev-lb-access-logs",
                            "id": "wordpress-dev-lb-access-logs",
                            "policy": "{\n  \"Id\": \"Policy\",\n  \"Version\": \"2012-10-17\",\n  \"Statement\": [\n    {\n      \"Action\": [\n        \"s3:PutObject\"\n      ],\n      \"Effect\": \"Allow\",\n      \"Resource\": [\n        \"arn:aws:s3:::wordpress-dev-lb-access-logs\",\n        \"arn:aws:s3:::wordpress-dev-lb-access-logs/*\"\n      ],\n      \"Principal\": {\n        \"AWS\": [ \"arn:aws:iam::797873946194:root\" ]\n      }\n    }\n  ]\n}\n"
                        },
                        "meta": {},
                        "tainted": false
                    },
                    "deposed": [],
                    "provider": "provider.aws"
                },
                "aws_security_group.ec2_egress": {
                    "type": "aws_security_group",
                    "depends_on": [
                        "aws_subnet.private_subnet_zoneA",
                        "aws_subnet.private_subnet_zoneB",
                        "aws_vpc.vpc_wordpress"
                    ],
                    "primary": {
                        "id": "sg-0fdc9273ee73a0c34",
                        "attributes": {
                            "arn": "arn:aws:ec2:us-west-2:546855753613:security-group/sg-0fdc9273ee73a0c34",
                            "description": "Every needed rules for the ec2 instances (nfs, mysql, http/S for yum install)",
                            "egress.#": "4",
                            "egress.2214680975.cidr_blocks.#": "1",
                            "egress.2214680975.cidr_blocks.0": "0.0.0.0/0",
                            "egress.2214680975.description": "",
                            "egress.2214680975.from_port": "80",
                            "egress.2214680975.ipv6_cidr_blocks.#": "0",
                            "egress.2214680975.prefix_list_ids.#": "0",
                            "egress.2214680975.protocol": "tcp",
                            "egress.2214680975.security_groups.#": "0",
                            "egress.2214680975.self": "false",
                            "egress.2214680975.to_port": "80",
                            "egress.2418635525.cidr_blocks.#": "2",
                            "egress.2418635525.cidr_blocks.0": "10.0.10.0/24",
                            "egress.2418635525.cidr_blocks.1": "10.0.11.0/24",
                            "egress.2418635525.description": "",
                            "egress.2418635525.from_port": "2049",
                            "egress.2418635525.ipv6_cidr_blocks.#": "0",
                            "egress.2418635525.prefix_list_ids.#": "0",
                            "egress.2418635525.protocol": "tcp",
                            "egress.2418635525.security_groups.#": "0",
                            "egress.2418635525.self": "false",
                            "egress.2418635525.to_port": "2049",
                            "egress.2617001939.cidr_blocks.#": "1",
                            "egress.2617001939.cidr_blocks.0": "0.0.0.0/0",
                            "egress.2617001939.description": "",
                            "egress.2617001939.from_port": "443",
                            "egress.2617001939.ipv6_cidr_blocks.#": "0",
                            "egress.2617001939.prefix_list_ids.#": "0",
                            "egress.2617001939.protocol": "tcp",
                            "egress.2617001939.security_groups.#": "0",
                            "egress.2617001939.self": "false",
                            "egress.2617001939.to_port": "443",
                            "egress.2705982278.cidr_blocks.#": "2",
                            "egress.2705982278.cidr_blocks.0": "10.0.10.0/24",
                            "egress.2705982278.cidr_blocks.1": "10.0.11.0/24",
                            "egress.2705982278.description": "",
                            "egress.2705982278.from_port": "3306",
                            "egress.2705982278.ipv6_cidr_blocks.#": "0",
                            "egress.2705982278.prefix_list_ids.#": "0",
                            "egress.2705982278.protocol": "tcp",
                            "egress.2705982278.security_groups.#": "0",
                            "egress.2705982278.self": "false",
                            "egress.2705982278.to_port": "3306",
                            "id": "sg-0fdc9273ee73a0c34",
                            "ingress.#": "0",
                            "name": "ec2_egress",
                            "owner_id": "546855753613",
                            "revoke_rules_on_delete": "false",
                            "tags.%": "0",
                            "vpc_id": "vpc-0c847ac8c944a9591"
                        },
                        "meta": {
                            "e2bfb730-ecaa-11e6-8f88-34363bc7c4c0": {
                                "create": 600000000000,
                                "delete": 600000000000
                            },
                            "schema_version": "1"
                        },
                        "tainted": false
                    },
                    "deposed": [],
                    "provider": "provider.aws"
                },
                "aws_security_group.ecs": {
                    "type": "aws_security_group",
                    "depends_on": [
                        "aws_vpc.vpc_wordpress"
                    ],
                    "primary": {
                        "id": "sg-086f964a3a3acce42",
                        "attributes": {
                            "arn": "arn:aws:ec2:us-west-2:546855753613:security-group/sg-086f964a3a3acce42",
                            "description": "Allow http port for wordpress containers",
                            "egress.#": "0",
                            "id": "sg-086f964a3a3acce42",
                            "ingress.#": "1",
                            "ingress.2214680975.cidr_blocks.#": "1",
                            "ingress.2214680975.cidr_blocks.0": "0.0.0.0/0",
                            "ingress.2214680975.description": "",
                            "ingress.2214680975.from_port": "80",
                            "ingress.2214680975.ipv6_cidr_blocks.#": "0",
                            "ingress.2214680975.prefix_list_ids.#": "0",
                            "ingress.2214680975.protocol": "tcp",
                            "ingress.2214680975.security_groups.#": "0",
                            "ingress.2214680975.self": "false",
                            "ingress.2214680975.to_port": "80",
                            "name": "http",
                            "owner_id": "546855753613",
                            "revoke_rules_on_delete": "false",
                            "tags.%": "0",
                            "vpc_id": "vpc-0c847ac8c944a9591"
                        },
                        "meta": {
                            "e2bfb730-ecaa-11e6-8f88-34363bc7c4c0": {
                                "create": 600000000000,
                                "delete": 600000000000
                            },
                            "schema_version": "1"
                        },
                        "tainted": false
                    },
                    "deposed": [],
                    "provider": "provider.aws"
                },
                "aws_security_group.elb": {
                    "type": "aws_security_group",
                    "depends_on": [
                        "aws_subnet.private_subnet_zoneA",
                        "aws_subnet.private_subnet_zoneB",
                        "aws_vpc.vpc_wordpress"
                    ],
                    "primary": {
                        "id": "sg-0d8042fbb817ea890",
                        "attributes": {
                            "arn": "arn:aws:ec2:us-west-2:546855753613:security-group/sg-0d8042fbb817ea890",
                            "description": "Allow http from elb to ecs instances",
                            "egress.#": "1",
                            "egress.3705613968.cidr_blocks.#": "2",
                            "egress.3705613968.cidr_blocks.0": "10.0.10.0/24",
                            "egress.3705613968.cidr_blocks.1": "10.0.11.0/24",
                            "egress.3705613968.description": "",
                            "egress.3705613968.from_port": "80",
                            "egress.3705613968.ipv6_cidr_blocks.#": "0",
                            "egress.3705613968.prefix_list_ids.#": "0",
                            "egress.3705613968.protocol": "tcp",
                            "egress.3705613968.security_groups.#": "0",
                            "egress.3705613968.self": "false",
                            "egress.3705613968.to_port": "80",
                            "id": "sg-0d8042fbb817ea890",
                            "ingress.#": "0",
                            "name": "http-egress",
                            "owner_id": "546855753613",
                            "revoke_rules_on_delete": "false",
                            "tags.%": "0",
                            "vpc_id": "vpc-0c847ac8c944a9591"
                        },
                        "meta": {
                            "e2bfb730-ecaa-11e6-8f88-34363bc7c4c0": {
                                "create": 600000000000,
                                "delete": 600000000000
                            },
                            "schema_version": "1"
                        },
                        "tainted": false
                    },
                    "deposed": [],
                    "provider": "provider.aws"
                },
                "aws_security_group.rds": {
                    "type": "aws_security_group",
                    "depends_on": [
                        "aws_subnet.private_subnet_zoneA",
                        "aws_subnet.private_subnet_zoneB",
                        "aws_vpc.vpc_wordpress"
                    ],
                    "primary": {
                        "id": "sg-05ff1a10fcfb47161",
                        "attributes": {
                            "arn": "arn:aws:ec2:us-west-2:546855753613:security-group/sg-05ff1a10fcfb47161",
                            "description": "Allow mysql port",
                            "egress.#": "0",
                            "id": "sg-05ff1a10fcfb47161",
                            "ingress.#": "1",
                            "ingress.2705982278.cidr_blocks.#": "2",
                            "ingress.2705982278.cidr_blocks.0": "10.0.10.0/24",
                            "ingress.2705982278.cidr_blocks.1": "10.0.11.0/24",
                            "ingress.2705982278.description": "",
                            "ingress.2705982278.from_port": "3306",
                            "ingress.2705982278.ipv6_cidr_blocks.#": "0",
                            "ingress.2705982278.prefix_list_ids.#": "0",
                            "ingress.2705982278.protocol": "tcp",
                            "ingress.2705982278.security_groups.#": "0",
                            "ingress.2705982278.self": "false",
                            "ingress.2705982278.to_port": "3306",
                            "name": "mysql",
                            "owner_id": "546855753613",
                            "revoke_rules_on_delete": "false",
                            "tags.%": "0",
                            "vpc_id": "vpc-0c847ac8c944a9591"
                        },
                        "meta": {
                            "e2bfb730-ecaa-11e6-8f88-34363bc7c4c0": {
                                "create": 600000000000,
                                "delete": 600000000000
                            },
                            "schema_version": "1"
                        },
                        "tainted": false
                    },
                    "deposed": [],
                    "provider": "provider.aws"
                },
                "aws_security_group_rule.ingress_lb_http": {
                    "type": "aws_security_group_rule",
                    "depends_on": [
                        "aws_security_group.ec2_egress"
                    ],
                    "primary": {
                        "id": "sgrule-420862510",
                        "attributes": {
                            "cidr_blocks.#": "1",
                            "cidr_blocks.0": "0.0.0.0/0",
                            "description": "HTTP",
                            "from_port": "80",
                            "id": "sgrule-420862510",
                            "protocol": "tcp",
                            "security_group_id": "sg-0fdc9273ee73a0c34",
                            "self": "false",
                            "to_port": "80",
                            "type": "ingress"
                        },
                        "meta": {
                            "schema_version": "2"
                        },
                        "tainted": false
                    },
                    "deposed": [],
                    "provider": "provider.aws"
                },
                "aws_subnet.private_subnet_zoneA": {
                    "type": "aws_subnet",
                    "depends_on": [
                        "aws_vpc.vpc_wordpress"
                    ],
                    "primary": {
                        "id": "subnet-0d3e2ab19ff4e1a6d",
                        "attributes": {
                            "arn": "arn:aws:ec2:us-west-2:546855753613:subnet/subnet-0d3e2ab19ff4e1a6d",
                            "assign_ipv6_address_on_creation": "false",
                            "availability_zone": "us-west-2a",
                            "availability_zone_id": "usw2-az1",
                            "cidr_block": "10.0.10.0/24",
                            "id": "subnet-0d3e2ab19ff4e1a6d",
                            "ipv6_cidr_block": "",
                            "ipv6_cidr_block_association_id": "",
                            "map_public_ip_on_launch": "false",
                            "owner_id": "546855753613",
                            "tags.%": "0",
                            "vpc_id": "vpc-0c847ac8c944a9591"
                        },
                        "meta": {
                            "e2bfb730-ecaa-11e6-8f88-34363bc7c4c0": {
                                "create": 600000000000,
                                "delete": 600000000000
                            },
                            "schema_version": "1"
                        },
                        "tainted": false
                    },
                    "deposed": [],
                    "provider": "provider.aws"
                },
                "aws_subnet.private_subnet_zoneB": {
                    "type": "aws_subnet",
                    "depends_on": [
                        "aws_vpc.vpc_wordpress"
                    ],
                    "primary": {
                        "id": "subnet-0a6a889e29b09361d",
                        "attributes": {
                            "arn": "arn:aws:ec2:us-west-2:546855753613:subnet/subnet-0a6a889e29b09361d",
                            "assign_ipv6_address_on_creation": "false",
                            "availability_zone": "us-west-2b",
                            "availability_zone_id": "usw2-az2",
                            "cidr_block": "10.0.11.0/24",
                            "id": "subnet-0a6a889e29b09361d",
                            "ipv6_cidr_block": "",
                            "ipv6_cidr_block_association_id": "",
                            "map_public_ip_on_launch": "false",
                            "owner_id": "546855753613",
                            "tags.%": "0",
                            "vpc_id": "vpc-0c847ac8c944a9591"
                        },
                        "meta": {
                            "e2bfb730-ecaa-11e6-8f88-34363bc7c4c0": {
                                "create": 600000000000,
                                "delete": 600000000000
                            },
                            "schema_version": "1"
                        },
                        "tainted": false
                    },
                    "deposed": [],
                    "provider": "provider.aws"
                },
                "aws_subnet.public_subnet_zoneA": {
                    "type": "aws_subnet",
                    "depends_on": [
                        "aws_vpc.vpc_wordpress"
                    ],
                    "primary": {
                        "id": "subnet-0ca041d0b9bc3943a",
                        "attributes": {
                            "arn": "arn:aws:ec2:us-west-2:546855753613:subnet/subnet-0ca041d0b9bc3943a",
                            "assign_ipv6_address_on_creation": "false",
                            "availability_zone": "us-west-2a",
                            "availability_zone_id": "usw2-az1",
                            "cidr_block": "10.0.0.0/24",
                            "id": "subnet-0ca041d0b9bc3943a",
                            "ipv6_cidr_block": "",
                            "ipv6_cidr_block_association_id": "",
                            "map_public_ip_on_launch": "false",
                            "owner_id": "546855753613",
                            "tags.%": "0",
                            "vpc_id": "vpc-0c847ac8c944a9591"
                        },
                        "meta": {
                            "e2bfb730-ecaa-11e6-8f88-34363bc7c4c0": {
                                "create": 600000000000,
                                "delete": 600000000000
                            },
                            "schema_version": "1"
                        },
                        "tainted": false
                    },
                    "deposed": [],
                    "provider": "provider.aws"
                },
                "aws_subnet.public_subnet_zoneB": {
                    "type": "aws_subnet",
                    "depends_on": [
                        "aws_vpc.vpc_wordpress"
                    ],
                    "primary": {
                        "id": "subnet-0ec7b3dd473f0ef35",
                        "attributes": {
                            "arn": "arn:aws:ec2:us-west-2:546855753613:subnet/subnet-0ec7b3dd473f0ef35",
                            "assign_ipv6_address_on_creation": "false",
                            "availability_zone": "us-west-2b",
                            "availability_zone_id": "usw2-az2",
                            "cidr_block": "10.0.1.0/24",
                            "id": "subnet-0ec7b3dd473f0ef35",
                            "ipv6_cidr_block": "",
                            "ipv6_cidr_block_association_id": "",
                            "map_public_ip_on_launch": "false",
                            "owner_id": "546855753613",
                            "tags.%": "0",
                            "vpc_id": "vpc-0c847ac8c944a9591"
                        },
                        "meta": {
                            "e2bfb730-ecaa-11e6-8f88-34363bc7c4c0": {
                                "create": 600000000000,
                                "delete": 600000000000
                            },
                            "schema_version": "1"
                        },
                        "tainted": false
                    },
                    "deposed": [],
                    "provider": "provider.aws"
                },
                "aws_vpc.vpc_wordpress": {
                    "type": "aws_vpc",
                    "depends_on": [],
                    "primary": {
                        "id": "vpc-0c847ac8c944a9591",
                        "attributes": {
                            "arn": "arn:aws:ec2:us-west-2:546855753613:vpc/vpc-0c847ac8c944a9591",
                            "assign_generated_ipv6_cidr_block": "false",
                            "cidr_block": "10.0.0.0/16",
                            "default_network_acl_id": "acl-02aeef9ad2bc8d6ea",
                            "default_route_table_id": "rtb-0e0a2a3256b17fc51",
                            "default_security_group_id": "sg-0ba666f88063f1234",
                            "dhcp_options_id": "dopt-91fa04e9",
                            "enable_classiclink": "false",
                            "enable_classiclink_dns_support": "false",
                            "enable_dns_hostnames": "true",
                            "enable_dns_support": "true",
                            "id": "vpc-0c847ac8c944a9591",
                            "instance_tenancy": "default",
                            "ipv6_association_id": "",
                            "ipv6_cidr_block": "",
                            "main_route_table_id": "rtb-0e0a2a3256b17fc51",
                            "owner_id": "546855753613",
                            "tags.%": "0"
                        },
                        "meta": {
                            "schema_version": "1"
                        },
                        "tainted": false
                    },
                    "deposed": [],
                    "provider": "provider.aws"
                },
                "data.archive_file.lambda_zip": {
                    "type": "archive_file",
                    "depends_on": [
                        "data.template_file.lambda_source"
                    ],
                    "primary": {
                        "id": "1f176d336495101ca88915823d18c42ce37496b4",
                        "attributes": {
                            "id": "1f176d336495101ca88915823d18c42ce37496b4",
                            "output_base64sha256": "+mHdOX3i/0vXJVbRt9I11ReaG6nZCs5Ppni00RNDPLg=",
                            "output_md5": "6df8b5c23ea7bda6697573188f4b53a5",
                            "output_path": "lambda-wordpress.zip",
                            "output_sha": "1f176d336495101ca88915823d18c42ce37496b4",
                            "output_size": "218",
                            "source.#": "0",
                            "source_content": "exports.handler = (event, context, callback) =\u003e {\n  console.log(JSON.stringify(event));\n}\n",
                            "source_content_filename": "index.js",
                            "type": "zip"
                        },
                        "meta": {},
                        "tainted": false
                    },
                    "deposed": [],
                    "provider": "provider.archive"
                },
                "data.aws_elb_service_account.main": {
                    "type": "aws_elb_service_account",
                    "depends_on": [],
                    "primary": {
                        "id": "797873946194",
                        "attributes": {
                            "arn": "arn:aws:iam::797873946194:root",
                            "id": "797873946194"
                        },
                        "meta": {},
                        "tainted": false
                    },
                    "deposed": [],
                    "provider": "provider.aws"
                },
                "data.aws_iam_policy_document.assume_role_policy": {
                    "type": "aws_iam_policy_document",
                    "depends_on": [],
                    "primary": {
                        "id": "320642683",
                        "attributes": {
                            "id": "320642683",
                            "json": "{\n  \"Version\": \"2012-10-17\",\n  \"Statement\": [\n    {\n      \"Sid\": \"\",\n      \"Effect\": \"Allow\",\n      \"Action\": \"sts:AssumeRole\",\n      \"Principal\": {\n        \"Service\": \"ecs-tasks.amazonaws.com\"\n      }\n    }\n  ]\n}",
                            "statement.#": "1",
                            "statement.0.actions.#": "1",
                            "statement.0.actions.2528466339": "sts:AssumeRole",
                            "statement.0.condition.#": "0",
                            "statement.0.effect": "Allow",
                            "statement.0.not_actions.#": "0",
                            "statement.0.not_principals.#": "0",
                            "statement.0.not_resources.#": "0",
                            "statement.0.principals.#": "1",
                            "statement.0.principals.1709806136.identifiers.#": "1",
                            "statement.0.principals.1709806136.identifiers.3389920935": "ecs-tasks.amazonaws.com",
                            "statement.0.principals.1709806136.type": "Service",
                            "statement.0.resources.#": "0",
                            "statement.0.sid": "",
                            "version": "2012-10-17"
                        },
                        "meta": {},
                        "tainted": false
                    },
                    "deposed": [],
                    "provider": "provider.aws"
                },
                "data.template_file.lambda_source": {
                    "type": "template_file",
                    "depends_on": [],
                    "primary": {
                        "id": "43b9ebc0162837ea617584538a58fd593be06ee623b4fc8d099c9a6e4d7e3c41",
                        "attributes": {
                            "id": "43b9ebc0162837ea617584538a58fd593be06ee623b4fc8d099c9a6e4d7e3c41",
                            "rendered": "exports.handler = (event, context, callback) =\u003e {\n  console.log(JSON.stringify(event));\n}\n",
                            "template": "exports.handler = (event, context, callback) =\u003e {\n  console.log(JSON.stringify(event));\n}\n"
                        },
                        "meta": {},
                        "tainted": false
                    },
                    "deposed": [],
                    "provider": "provider.template"
                },
                "data.template_file.wordpress_task": {
                    "type": "template_file",
                    "depends_on": [
                        "aws_ecr_repository.ecr"
                    ],
                    "primary": {
                        "id": "4a7f4efe02872d5037500e42421a7ebef08f501770bedaead2702845a04ed37a",
                        "attributes": {
                            "id": "4a7f4efe02872d5037500e42421a7ebef08f501770bedaead2702845a04ed37a",
                            "rendered": "[\n  {\n    \"image\": \"546855753613.dkr.ecr.us-west-2.amazonaws.com/wordpress:1.0\",\n    \"name\": \"wordpress\",\n    \"essential\": true,\n    \"command\": [\"apache2-foreground\"],\n    \"portMappings\": [\n      {\n        \"hostPort\": 80,\n        \"containerPort\": 80,\n        \"protocol\": \"tcp\"\n      }\n    ],\n    \"environment\": [\n        {\n          \"name\": \"WORDPRESS_DB_USER\",\n          \"value\": \"sadmin\"\n        },\n        {\n          \"name\": \"WORDPRESS_DB_PASSWORD\",\n          \"value\": \"password\"\n        },\n        {\n          \"name\": \"WORDPRESS_DB_NAME\",\n          \"value\": \"wordpress\"\n        },\n        {\n          \"name\": \"WORDPRESS_DB_HOST\",\n          \"value\": \"db.wordpress.ael\"\n        }\n      ],\n    \"logConfiguration\": {\n      \"logDriver\": \"awslogs\",\n      \"options\": {\n        \"awslogs-group\": \"/fargate/service/wordpress\",\n        \"awslogs-region\": \"us-west-2\",\n        \"awslogs-stream-prefix\": \"ecs\"\n      }\n    }\n  }\n]",
                            "template": "[\n  {\n    \"image\": \"${repository_url}:1.0\",\n    \"name\": \"wordpress\",\n    \"essential\": true,\n    \"command\": [\"apache2-foreground\"],\n    \"portMappings\": [\n      {\n        \"hostPort\": 80,\n        \"containerPort\": 80,\n        \"protocol\": \"tcp\"\n      }\n    ],\n    \"environment\": [\n        {\n          \"name\": \"WORDPRESS_DB_USER\",\n          \"value\": \"sadmin\"\n        },\n        {\n          \"name\": \"WORDPRESS_DB_PASSWORD\",\n          \"value\": \"password\"\n        },\n        {\n          \"name\": \"WORDPRESS_DB_NAME\",\n          \"value\": \"wordpress\"\n        },\n        {\n          \"name\": \"WORDPRESS_DB_HOST\",\n          \"value\": \"db.wordpress.ael\"\n        }\n      ],\n    \"logConfiguration\": {\n      \"logDriver\": \"awslogs\",\n      \"options\": {\n        \"awslogs-group\": \"/fargate/service/wordpress\",\n        \"awslogs-region\": \"us-west-2\",\n        \"awslogs-stream-prefix\": \"ecs\"\n      }\n    }\n  }\n]",
                            "vars.%": "1",
                            "vars.repository_url": "546855753613.dkr.ecr.us-west-2.amazonaws.com/wordpress"
                        },
                        "meta": {},
                        "tainted": false
                    },
                    "deposed": [],
                    "provider": "provider.template"
                }
            },
            "depends_on": []
        }
    ]
}
